{
    "_readme": [
        "This file locks the dependencies of your project to a known state",
        "Read more about it at https://getcomposer.org/doc/01-basic-usage.md#composer-lock-the-lock-file",
        "This file is @generated automatically"
    ],
    "content-hash": "8c267cdaa71168e7b46bc3fb3e47aae2",
    "packages": [
        {
            "name": "bight/packetboat",
            "version": "1.0.1",
            "source": {
                "type": "git",
                "url": "https://github.com/bight/packetboat.git",
                "reference": "bb26e4309a831021b992ba6b9ac8a8259fc7d4d0"
            },
            "dist": {
                "type": "zip",
                "url": "https://api.github.com/repos/bight/packetboat/zipball/bb26e4309a831021b992ba6b9ac8a8259fc7d4d0",
                "reference": "bb26e4309a831021b992ba6b9ac8a8259fc7d4d0",
                "shasum": "",
                "mirrors": [
                    {
                        "url": "https://repo.packagist.com/pressbooks/dists/%package%/%version%/%reference%.%type%",
                        "preferred": true
                    }
                ]
            },
            "require": {
                "composer/installers": "~1.0",
                "php": ">=5.6",
                "wildbit/postmark-php": "^2.2"
            },
            "require-dev": {
                "phpunit/phpunit": "^5.7",
                "squizlabs/php_codesniffer": "^2.7"
            },
            "type": "wordpress-plugin",
            "autoload": {
                "files": [
                    "src/Postmark.php"
                ]
            },
            "notification-url": "https://packagist.org/downloads/",
            "license": [
                "MIT"
            ],
            "authors": [
                {
                    "name": "Ned Zimmerman",
                    "email": "ned@bight.ca"
                }
            ],
            "description": "A service-agnostic vehicle for WordPress transactional email.",
            "time": "2016-12-22T22:01:05+00:00"
        },
        {
            "name": "composer/installers",
            "version": "v1.2.0",
            "source": {
                "type": "git",
                "url": "https://github.com/composer/installers.git",
                "reference": "d78064c68299743e0161004f2de3a0204e33b804"
            },
            "dist": {
                "type": "zip",
                "url": "https://api.github.com/repos/composer/installers/zipball/d78064c68299743e0161004f2de3a0204e33b804",
                "reference": "d78064c68299743e0161004f2de3a0204e33b804",
                "shasum": "",
                "mirrors": [
                    {
                        "url": "https://repo.packagist.com/pressbooks/dists/%package%/%version%/%reference%.%type%",
                        "preferred": true
                    }
                ]
            },
            "require": {
                "composer-plugin-api": "^1.0"
            },
            "replace": {
                "roundcube/plugin-installer": "*",
                "shama/baton": "*"
            },
            "require-dev": {
                "composer/composer": "1.0.*@dev",
                "phpunit/phpunit": "4.1.*"
            },
            "type": "composer-plugin",
            "extra": {
                "class": "Composer\\Installers\\Plugin",
                "branch-alias": {
                    "dev-master": "1.0-dev"
                }
            },
            "autoload": {
                "psr-4": {
                    "Composer\\Installers\\": "src/Composer/Installers"
                }
            },
            "notification-url": "https://packagist.org/downloads/",
            "license": [
                "MIT"
            ],
            "authors": [
                {
                    "name": "Kyle Robinson Young",
                    "email": "kyle@dontkry.com",
                    "homepage": "https://github.com/shama"
                }
            ],
            "description": "A multi-framework Composer library installer",
            "homepage": "https://composer.github.io/installers/",
            "keywords": [
                "Craft",
                "Dolibarr",
                "Hurad",
                "ImageCMS",
                "MODX Evo",
                "Mautic",
                "OXID",
                "Plentymarkets",
                "RadPHP",
                "SMF",
                "Thelia",
                "WolfCMS",
                "agl",
                "aimeos",
                "annotatecms",
                "attogram",
                "bitrix",
                "cakephp",
                "chef",
                "cockpit",
                "codeigniter",
                "concrete5",
                "croogo",
                "dokuwiki",
                "drupal",
                "elgg",
                "expressionengine",
                "fuelphp",
                "grav",
                "installer",
                "joomla",
                "kohana",
                "laravel",
                "lithium",
                "magento",
                "mako",
                "mediawiki",
                "modulework",
                "moodle",
                "phpbb",
                "piwik",
                "ppi",
                "puppet",
                "reindex",
                "roundcube",
                "shopware",
                "silverstripe",
                "symfony",
                "typo3",
                "wordpress",
                "yawik",
                "zend",
                "zikula"
            ],
            "time": "2016-08-13T20:53:52+00:00"
        },
        {
            "name": "davidgorges/human-name-parser",
            "version": "0.2.1",
            "source": {
                "type": "git",
                "url": "https://github.com/davidgorges/HumanNameParser.php.git",
                "reference": "0418268e7c6fdb4f624cb6f977fa4e84278a3a60"
            },
            "dist": {
                "type": "zip",
                "url": "https://api.github.com/repos/davidgorges/HumanNameParser.php/zipball/0418268e7c6fdb4f624cb6f977fa4e84278a3a60",
                "reference": "0418268e7c6fdb4f624cb6f977fa4e84278a3a60",
                "shasum": "",
                "mirrors": [
                    {
                        "url": "https://repo.packagist.com/pressbooks/dists/%package%/%version%/%reference%.%type%",
                        "preferred": true
                    }
                ]
            },
            "require": {
                "php": ">=5.3"
            },
            "require-dev": {
                "phpunit/phpunit": "3.7.*"
            },
            "type": "library",
            "autoload": {
                "psr-0": {
                    "HumanNameParser\\": "src/"
                }
            },
            "notification-url": "https://packagist.org/downloads/",
            "license": [
                "MIT"
            ],
            "authors": [
                {
                    "name": "David Gorges",
                    "email": "david.gorges@leaphub.de"
                },
                {
                    "name": "Jason Priem",
                    "email": "jason@jasonpriem.com"
                }
            ],
            "description": "Parses a human name",
            "time": "2014-10-08T19:01:21+00:00"
        },
        {
            "name": "fale/isbn",
            "version": "3.0.0",
            "source": {
                "type": "git",
                "url": "https://github.com/Fale/isbn.git",
                "reference": "f0777e84ad432fdf2eda7a71ed4e98886f8c16b4"
            },
            "dist": {
                "type": "zip",
                "url": "https://api.github.com/repos/Fale/isbn/zipball/f0777e84ad432fdf2eda7a71ed4e98886f8c16b4",
                "reference": "f0777e84ad432fdf2eda7a71ed4e98886f8c16b4",
                "shasum": "",
                "mirrors": [
                    {
                        "url": "https://repo.packagist.com/pressbooks/dists/%package%/%version%/%reference%.%type%",
                        "preferred": true
                    }
                ]
            },
            "require": {
                "php": ">=5.3.0"
            },
            "require-dev": {
                "phpunit/phpunit": "3.7.*"
            },
            "type": "library",
            "autoload": {
                "psr-0": {
                    "Isbn": "src/"
                }
            },
            "notification-url": "https://packagist.org/downloads/",
            "license": [
                "AGPL-3.0"
            ],
            "authors": [
                {
                    "name": "Fabio Alessandro Locati",
                    "email": "fabiolocati@gmail.com",
                    "homepage": "http://fabiolocati.com",
                    "role": "lead"
                }
            ],
            "description": "ISBN library",
            "homepage": "http://github.com/fale/isbn",
            "keywords": [
                "ISBN",
                "ISBN-10",
                "ISBN-13"
            ],
            "time": "2015-10-03T11:18:48+00:00"
        },
        {
            "name": "gmo/iso-639",
            "version": "v1.0.0",
            "source": {
                "type": "git",
                "url": "https://github.com/gmo/iso-639.git",
                "reference": "c6f7f1233459dbe1833245ae47cdd075b0849ab0"
            },
            "dist": {
                "type": "zip",
                "url": "https://api.github.com/repos/gmo/iso-639/zipball/c6f7f1233459dbe1833245ae47cdd075b0849ab0",
                "reference": "c6f7f1233459dbe1833245ae47cdd075b0849ab0",
                "shasum": "",
                "mirrors": [
                    {
                        "url": "https://repo.packagist.com/pressbooks/dists/%package%/%version%/%reference%.%type%",
                        "preferred": true
                    }
                ]
            },
            "require": {
                "php": ">=5.3"
            },
            "type": "library",
            "autoload": {
                "psr-4": {
                    "Gmo\\Iso639\\": "src"
                }
            },
            "notification-url": "https://packagist.org/downloads/",
            "license": [
                "MIT"
            ],
            "description": "Convert between ISO-639 codes",
            "keywords": [
                "639",
                "iso",
                "iso-639",
                "language"
            ],
            "time": "2015-07-17T00:18:37+00:00"
        },
        {
            "name": "guzzlehttp/guzzle",
            "version": "6.2.3",
            "source": {
                "type": "git",
                "url": "https://github.com/guzzle/guzzle.git",
                "reference": "8d6c6cc55186db87b7dc5009827429ba4e9dc006"
            },
            "dist": {
                "type": "zip",
                "url": "https://api.github.com/repos/guzzle/guzzle/zipball/8d6c6cc55186db87b7dc5009827429ba4e9dc006",
                "reference": "8d6c6cc55186db87b7dc5009827429ba4e9dc006",
                "shasum": "",
                "mirrors": [
                    {
                        "url": "https://repo.packagist.com/pressbooks/dists/%package%/%version%/%reference%.%type%",
                        "preferred": true
                    }
                ]
            },
            "require": {
                "guzzlehttp/promises": "^1.0",
                "guzzlehttp/psr7": "^1.4",
                "php": ">=5.5"
            },
            "require-dev": {
                "ext-curl": "*",
                "phpunit/phpunit": "^4.0",
                "psr/log": "^1.0"
            },
            "type": "library",
            "extra": {
                "branch-alias": {
                    "dev-master": "6.2-dev"
                }
            },
            "autoload": {
                "files": [
                    "src/functions_include.php"
                ],
                "psr-4": {
                    "GuzzleHttp\\": "src/"
                }
            },
            "notification-url": "https://packagist.org/downloads/",
            "license": [
                "MIT"
            ],
            "authors": [
                {
                    "name": "Michael Dowling",
                    "email": "mtdowling@gmail.com",
                    "homepage": "https://github.com/mtdowling"
                }
            ],
            "description": "Guzzle is a PHP HTTP client library",
            "homepage": "http://guzzlephp.org/",
            "keywords": [
                "client",
                "curl",
                "framework",
                "http",
                "http client",
                "rest",
                "web service"
            ],
            "time": "2017-02-28T22:50:30+00:00"
        },
        {
            "name": "guzzlehttp/promises",
            "version": "v1.3.1",
            "source": {
                "type": "git",
                "url": "https://github.com/guzzle/promises.git",
                "reference": "a59da6cf61d80060647ff4d3eb2c03a2bc694646"
            },
            "dist": {
                "type": "zip",
                "url": "https://api.github.com/repos/guzzle/promises/zipball/a59da6cf61d80060647ff4d3eb2c03a2bc694646",
                "reference": "a59da6cf61d80060647ff4d3eb2c03a2bc694646",
                "shasum": "",
                "mirrors": [
                    {
                        "url": "https://repo.packagist.com/pressbooks/dists/%package%/%version%/%reference%.%type%",
                        "preferred": true
                    }
                ]
            },
            "require": {
                "php": ">=5.5.0"
            },
            "require-dev": {
                "phpunit/phpunit": "^4.0"
            },
            "type": "library",
            "extra": {
                "branch-alias": {
                    "dev-master": "1.4-dev"
                }
            },
            "autoload": {
                "psr-4": {
                    "GuzzleHttp\\Promise\\": "src/"
                },
                "files": [
                    "src/functions_include.php"
                ]
            },
            "notification-url": "https://packagist.org/downloads/",
            "license": [
                "MIT"
            ],
            "authors": [
                {
                    "name": "Michael Dowling",
                    "email": "mtdowling@gmail.com",
                    "homepage": "https://github.com/mtdowling"
                }
            ],
            "description": "Guzzle promises library",
            "keywords": [
                "promise"
            ],
            "time": "2016-12-20T10:07:11+00:00"
        },
        {
            "name": "guzzlehttp/psr7",
            "version": "1.4.2",
            "source": {
                "type": "git",
                "url": "https://github.com/guzzle/psr7.git",
                "reference": "f5b8a8512e2b58b0071a7280e39f14f72e05d87c"
            },
            "dist": {
                "type": "zip",
                "url": "https://api.github.com/repos/guzzle/psr7/zipball/f5b8a8512e2b58b0071a7280e39f14f72e05d87c",
                "reference": "f5b8a8512e2b58b0071a7280e39f14f72e05d87c",
                "shasum": "",
                "mirrors": [
                    {
                        "url": "https://repo.packagist.com/pressbooks/dists/%package%/%version%/%reference%.%type%",
                        "preferred": true
                    }
                ]
            },
            "require": {
                "php": ">=5.4.0",
                "psr/http-message": "~1.0"
            },
            "provide": {
                "psr/http-message-implementation": "1.0"
            },
            "require-dev": {
                "phpunit/phpunit": "~4.0"
            },
            "type": "library",
            "extra": {
                "branch-alias": {
                    "dev-master": "1.4-dev"
                }
            },
            "autoload": {
                "psr-4": {
                    "GuzzleHttp\\Psr7\\": "src/"
                },
                "files": [
                    "src/functions_include.php"
                ]
            },
            "notification-url": "https://packagist.org/downloads/",
            "license": [
                "MIT"
            ],
            "authors": [
                {
                    "name": "Michael Dowling",
                    "email": "mtdowling@gmail.com",
                    "homepage": "https://github.com/mtdowling"
                },
                {
                    "name": "Tobias Schultze",
                    "homepage": "https://github.com/Tobion"
                }
            ],
            "description": "PSR-7 message implementation that also provides common utility methods",
            "keywords": [
                "http",
                "message",
                "request",
                "response",
                "stream",
                "uri",
                "url"
            ],
            "time": "2017-03-20T17:10:46+00:00"
        },
        {
            "name": "league/csv",
            "version": "8.2.1",
            "source": {
                "type": "git",
                "url": "https://github.com/thephpleague/csv.git",
                "reference": "43fd8b022815a0758d85e925dd92a43fe0d41bb4"
            },
            "dist": {
                "type": "zip",
                "url": "https://api.github.com/repos/thephpleague/csv/zipball/43fd8b022815a0758d85e925dd92a43fe0d41bb4",
                "reference": "43fd8b022815a0758d85e925dd92a43fe0d41bb4",
                "shasum": "",
                "mirrors": [
                    {
                        "url": "https://repo.packagist.com/pressbooks/dists/%package%/%version%/%reference%.%type%",
                        "preferred": true
                    }
                ]
            },
            "require": {
                "ext-mbstring": "*",
                "php": ">=5.5.0"
            },
            "require-dev": {
                "friendsofphp/php-cs-fixer": "^1.9",
                "phpunit/phpunit": "^4.0"
            },
            "type": "library",
            "extra": {
                "branch-alias": {
                    "dev-master": "8.2-dev"
                }
            },
            "autoload": {
                "psr-4": {
                    "League\\Csv\\": "src"
                }
            },
            "notification-url": "https://packagist.org/downloads/",
            "license": [
                "MIT"
            ],
            "authors": [
                {
                    "name": "Ignace Nyamagana Butera",
                    "email": "nyamsprod@gmail.com",
                    "homepage": "https://github.com/nyamsprod/",
                    "role": "Developer"
                }
            ],
            "description": "Csv data manipulation made easy in PHP",
            "homepage": "http://csv.thephpleague.com",
            "keywords": [
                "csv",
                "export",
                "filter",
                "import",
                "read",
                "write"
            ],
            "time": "2017-02-23T08:25:03+00:00"
        },
        {
            "name": "oscarotero/env",
            "version": "v1.0.2",
            "source": {
                "type": "git",
                "url": "https://github.com/oscarotero/env.git",
                "reference": "0819fd764ca19ab880b8d9ed7a95ae4910f98f20"
            },
            "dist": {
                "type": "zip",
                "url": "https://api.github.com/repos/oscarotero/env/zipball/0819fd764ca19ab880b8d9ed7a95ae4910f98f20",
                "reference": "0819fd764ca19ab880b8d9ed7a95ae4910f98f20",
                "shasum": "",
                "mirrors": [
                    {
                        "url": "https://repo.packagist.com/pressbooks/dists/%package%/%version%/%reference%.%type%",
                        "preferred": true
                    }
                ]
            },
            "require": {
                "php": ">=5.2"
            },
            "type": "library",
            "autoload": {
                "psr-0": {
                    "Env": "src/"
                }
            },
            "notification-url": "https://packagist.org/downloads/",
            "license": [
                "MIT"
            ],
            "authors": [
                {
                    "name": "Oscar Otero",
                    "email": "oom@oscarotero.com",
                    "homepage": "http://oscarotero.com",
                    "role": "Developer"
                }
            ],
            "description": "Simple library to consume environment variables",
            "homepage": "https://github.com/oscarotero/env",
            "keywords": [
                "env"
            ],
            "time": "2016-05-08T17:14:32+00:00"
        },
        {
            "name": "pressbooks/pressbooks-bisac",
            "version": "v1.0.2",
            "source": {
                "type": "git",
                "url": "git@github.com:pressbooks/pressbooks-bisac.git",
                "reference": "5500e0dca4126422a557541d2f83ee4d9be3152a"
            },
            "dist": {
                "type": "zip",
                "url": "https://api.github.com/repos/pressbooks/pressbooks-bisac/zipball/5500e0dca4126422a557541d2f83ee4d9be3152a",
                "reference": "5500e0dca4126422a557541d2f83ee4d9be3152a",
                "shasum": "",
                "mirrors": [
                    {
                        "url": "https://repo.packagist.com/pressbooks/dists/%package%/%version%/%reference%.%type%",
                        "preferred": true
                    }
                ]
            },
            "require": {
                "composer/installers": "^1.2",
                "league/csv": "^8.1"
            },
            "require-dev": {
                "squizlabs/php_codesniffer": "^2.7"
            },
            "type": "wordpress-plugin",
            "license": [
                "GPL-2.0"
            ],
            "authors": [
                {
                    "name": "Book Oven Inc.",
                    "email": "code@pressbooks.com"
                }
            ],
            "description": "Adds the 2016 BISAC Subject Headings List to the Pressbooks Book Information page.",
            "support": {
                "source": "https://github.com/pressbooks/pressbooks-bisac/tree/v1.0.2",
                "issues": "https://github.com/pressbooks/pressbooks-bisac/issues"
            },
            "time": "2017-01-17T22:17:37+00:00"
        },
        {
            "name": "pressbooks/pressbooks-selfe",
            "version": "1.0.0",
            "source": {
                "type": "git",
                "url": "git@github.com:pressbooks/pressbooks-selfe.git",
                "reference": "9edcce8633910f23d503a9a2802b5b16060226a3"
            },
            "dist": {
                "type": "zip",
                "url": "https://api.github.com/repos/pressbooks/pressbooks-selfe/zipball/9edcce8633910f23d503a9a2802b5b16060226a3",
                "reference": "9edcce8633910f23d503a9a2802b5b16060226a3",
                "shasum": "",
                "mirrors": [
                    {
                        "url": "https://repo.packagist.com/pressbooks/dists/%package%/%version%/%reference%.%type%",
                        "preferred": true
                    }
                ]
            },
            "require": {
                "composer/installers": "^1.2",
                "davidgorges/human-name-parser": "^0.2.1",
                "fale/isbn": "^3.0",
                "gmo/iso-639": "^1.0",
                "guzzlehttp/guzzle": "^6.2",
                "league/csv": "^8.1"
            },
            "require-dev": {
                "squizlabs/php_codesniffer": "^2.7"
            },
            "type": "wordpress-plugin",
            "license": [
                "GPL 2.0+"
            ],
            "authors": [
                {
                    "name": "Book Oven Inc.",
                    "email": "code@pressbooks.com"
                }
            ],
            "description": "SELF-e integration for Pressbooks.",
            "support": {
                "source": "https://github.com/pressbooks/pressbooks-selfe/tree/1.0.0",
                "issues": "https://github.com/pressbooks/pressbooks-selfe/issues"
            },
            "time": "2017-02-21T18:16:54+00:00"
        },
        {
            "name": "psr/http-message",
            "version": "1.0.1",
            "source": {
                "type": "git",
                "url": "https://github.com/php-fig/http-message.git",
                "reference": "f6561bf28d520154e4b0ec72be95418abe6d9363"
            },
            "dist": {
                "type": "zip",
                "url": "https://api.github.com/repos/php-fig/http-message/zipball/f6561bf28d520154e4b0ec72be95418abe6d9363",
                "reference": "f6561bf28d520154e4b0ec72be95418abe6d9363",
                "shasum": "",
                "mirrors": [
                    {
                        "url": "https://repo.packagist.com/pressbooks/dists/%package%/%version%/%reference%.%type%",
                        "preferred": true
                    }
                ]
            },
            "require": {
                "php": ">=5.3.0"
            },
            "type": "library",
            "extra": {
                "branch-alias": {
                    "dev-master": "1.0.x-dev"
                }
            },
            "autoload": {
                "psr-4": {
                    "Psr\\Http\\Message\\": "src/"
                }
            },
            "notification-url": "https://packagist.org/downloads/",
            "license": [
                "MIT"
            ],
            "authors": [
                {
                    "name": "PHP-FIG",
                    "homepage": "http://www.php-fig.org/"
                }
            ],
            "description": "Common interface for HTTP messages",
            "homepage": "https://github.com/php-fig/http-message",
            "keywords": [
                "http",
                "http-message",
                "psr",
                "psr-7",
                "request",
                "response"
            ],
            "time": "2016-08-06T14:39:51+00:00"
        },
        {
            "name": "vlucas/phpdotenv",
            "version": "v2.4.0",
            "source": {
                "type": "git",
                "url": "https://github.com/vlucas/phpdotenv.git",
                "reference": "3cc116adbe4b11be5ec557bf1d24dc5e3a21d18c"
            },
            "dist": {
                "type": "zip",
                "url": "https://api.github.com/repos/vlucas/phpdotenv/zipball/3cc116adbe4b11be5ec557bf1d24dc5e3a21d18c",
                "reference": "3cc116adbe4b11be5ec557bf1d24dc5e3a21d18c",
                "shasum": "",
                "mirrors": [
                    {
                        "url": "https://repo.packagist.com/pressbooks/dists/%package%/%version%/%reference%.%type%",
                        "preferred": true
                    }
                ]
            },
            "require": {
                "php": ">=5.3.9"
            },
            "require-dev": {
                "phpunit/phpunit": "^4.8 || ^5.0"
            },
            "type": "library",
            "extra": {
                "branch-alias": {
                    "dev-master": "2.4-dev"
                }
            },
            "autoload": {
                "psr-4": {
                    "Dotenv\\": "src/"
                }
            },
            "notification-url": "https://packagist.org/downloads/",
            "license": [
                "BSD-3-Clause-Attribution"
            ],
            "authors": [
                {
                    "name": "Vance Lucas",
                    "email": "vance@vancelucas.com",
                    "homepage": "http://www.vancelucas.com"
                }
            ],
            "description": "Loads environment variables from `.env` to `getenv()`, `$_ENV` and `$_SERVER` automagically.",
            "keywords": [
                "dotenv",
                "env",
                "environment"
            ],
            "time": "2016-09-01T10:05:43+00:00"
        },
        {
            "name": "wildbit/postmark-php",
            "version": "2.3.1",
            "source": {
                "type": "git",
                "url": "https://github.com/wildbit/postmark-php.git",
                "reference": "ef270c6ec44831cde91bab4e53471af04f972974"
            },
            "dist": {
                "type": "zip",
                "url": "https://api.github.com/repos/wildbit/postmark-php/zipball/ef270c6ec44831cde91bab4e53471af04f972974",
                "reference": "ef270c6ec44831cde91bab4e53471af04f972974",
                "shasum": "",
                "mirrors": [
                    {
                        "url": "https://repo.packagist.com/pressbooks/dists/%package%/%version%/%reference%.%type%",
                        "preferred": true
                    }
                ]
            },
            "require": {
                "guzzlehttp/guzzle": "~6.0",
                "php": ">=5.5.0"
            },
            "require-dev": {
                "phpunit/phpunit": "4.4.0"
            },
            "type": "library",
            "autoload": {
                "psr-0": {
                    "Postmark\\": "src/"
                }
            },
            "notification-url": "https://packagist.org/downloads/",
            "license": [
                "MIT"
            ],
            "description": "The officially supported client for Postmark (http://postmarkapp.com)",
            "time": "2017-02-16T17:54:44+00:00"
        }
    ],
    "packages-dev": [],
    "aliases": [],
    "minimum-stability": "stable",
    "stability-flags": [],
    "prefer-stable": false,
    "prefer-lowest": false,
    "platform": [],
    "platform-dev": []
}
